// !$*UTF8*$!
{
	archiveVersion = 1;
	classes = {
	};
	objectVersion = 46;
	objects = {

/* Begin PBXBuildFile section */
		AE0CFC131DA2190400234CF8 /* RecommendationViewControllerTests.swift in Sources */ = {isa = PBXBuildFile; fileRef = AE0CFC121DA2190400234CF8 /* RecommendationViewControllerTests.swift */; };
		AE0CFC151DA2197000234CF8 /* RecommendationViewController.swift in Sources */ = {isa = PBXBuildFile; fileRef = AE0CFC141DA2197000234CF8 /* RecommendationViewController.swift */; };
		AE23AA9B1DA1FF2A000334D8 /* AppDelegate.swift in Sources */ = {isa = PBXBuildFile; fileRef = AE23AA9A1DA1FF2A000334D8 /* AppDelegate.swift */; };
		AE23AAA31DA1FF2A000334D8 /* OsusumeLunch.xcdatamodeld in Sources */ = {isa = PBXBuildFile; fileRef = AE23AAA11DA1FF2A000334D8 /* OsusumeLunch.xcdatamodeld */; };
		AE23AAA51DA1FF2A000334D8 /* Assets.xcassets in Resources */ = {isa = PBXBuildFile; fileRef = AE23AAA41DA1FF2A000334D8 /* Assets.xcassets */; };
		AE23AAA81DA1FF2A000334D8 /* LaunchScreen.storyboard in Resources */ = {isa = PBXBuildFile; fileRef = AE23AAA61DA1FF2A000334D8 /* LaunchScreen.storyboard */; };
		AE23AABE1DA1FF2A000334D8 /* OsusumeLunchUITests.swift in Sources */ = {isa = PBXBuildFile; fileRef = AE23AABD1DA1FF2A000334D8 /* OsusumeLunchUITests.swift */; };
		AE2D75E11DA48DA100AD36CB /* AutoLayoutLabel.swift in Sources */ = {isa = PBXBuildFile; fileRef = AE2D75E01DA48DA100AD36CB /* AutoLayoutLabel.swift */; };
		AE6739611DA2265B000B384B /* AutoLayoutButton.swift in Sources */ = {isa = PBXBuildFile; fileRef = AE6739601DA2265B000B384B /* AutoLayoutButton.swift */; };
		AE6739641DA23063000B384B /* ConstraintChecker.swift in Sources */ = {isa = PBXBuildFile; fileRef = AE6739631DA23063000B384B /* ConstraintChecker.swift */; };
		AE6739671DA335A6000B384B /* RestaurantRepository.swift in Sources */ = {isa = PBXBuildFile; fileRef = AE6739661DA335A6000B384B /* RestaurantRepository.swift */; };
		AE6739691DA335E3000B384B /* Restaurant.swift in Sources */ = {isa = PBXBuildFile; fileRef = AE6739681DA335E3000B384B /* Restaurant.swift */; };
		AE67396B1DA3360D000B384B /* FakeRestaurantRepository.swift in Sources */ = {isa = PBXBuildFile; fileRef = AE67396A1DA3360D000B384B /* FakeRestaurantRepository.swift */; };
		AE67396D1DA33735000B384B /* NetworkRestaurantRepository.swift in Sources */ = {isa = PBXBuildFile; fileRef = AE67396C1DA33735000B384B /* NetworkRestaurantRepository.swift */; };
		AE6739711DA340EF000B384B /* URLRequest+HttpMethodsTests.swift in Sources */ = {isa = PBXBuildFile; fileRef = AE6739701DA340EF000B384B /* URLRequest+HttpMethodsTests.swift */; };
		AE6739731DA342F4000B384B /* URLRequest+HttpMethods.swift in Sources */ = {isa = PBXBuildFile; fileRef = AE6739721DA342F4000B384B /* URLRequest+HttpMethods.swift */; };
		AE6739771DA34C7D000B384B /* BrightFutures.framework in Frameworks */ = {isa = PBXBuildFile; fileRef = AE6739751DA34C7D000B384B /* BrightFutures.framework */; };
		AE6739781DA34C7D000B384B /* Result.framework in Frameworks */ = {isa = PBXBuildFile; fileRef = AE6739761DA34C7D000B384B /* Result.framework */; };
		AE6739801DA352E6000B384B /* NetworkSession.swift in Sources */ = {isa = PBXBuildFile; fileRef = AE67397F1DA352E6000B384B /* NetworkSession.swift */; };
		AE6739841DA3564C000B384B /* FakeNetworkSession.swift in Sources */ = {isa = PBXBuildFile; fileRef = AE6739831DA3564C000B384B /* FakeNetworkSession.swift */; };
		AE6739861DA3588F000B384B /* URLSession+NetworkSession.swift in Sources */ = {isa = PBXBuildFile; fileRef = AE6739851DA3588F000B384B /* URLSession+NetworkSession.swift */; };
		AE6739891DA37398000B384B /* URLSessionTests.swift in Sources */ = {isa = PBXBuildFile; fileRef = AE6739881DA37398000B384B /* URLSessionTests.swift */; };
		AE67398A1DA37803000B384B /* BrightFutures.framework in Frameworks */ = {isa = PBXBuildFile; fileRef = AE6739751DA34C7D000B384B /* BrightFutures.framework */; };
		AE67398B1DA37803000B384B /* Result.framework in Frameworks */ = {isa = PBXBuildFile; fileRef = AE6739761DA34C7D000B384B /* Result.framework */; };
		AE67398F1DA39D9E000B384B /* NetworkRestaurantRepositoryTests.swift in Sources */ = {isa = PBXBuildFile; fileRef = AE67398E1DA39D9E000B384B /* NetworkRestaurantRepositoryTests.swift */; };
/* End PBXBuildFile section */

/* Begin PBXContainerItemProxy section */
		AE23AAAF1DA1FF2A000334D8 /* PBXContainerItemProxy */ = {
			isa = PBXContainerItemProxy;
			containerPortal = AE23AA8F1DA1FF2A000334D8 /* Project object */;
			proxyType = 1;
			remoteGlobalIDString = AE23AA961DA1FF2A000334D8;
			remoteInfo = OsusumeLunch;
		};
		AE23AABA1DA1FF2A000334D8 /* PBXContainerItemProxy */ = {
			isa = PBXContainerItemProxy;
			containerPortal = AE23AA8F1DA1FF2A000334D8 /* Project object */;
			proxyType = 1;
			remoteGlobalIDString = AE23AA961DA1FF2A000334D8;
			remoteInfo = OsusumeLunch;
		};
/* End PBXContainerItemProxy section */

/* Begin PBXFileReference section */
		AE0CFC121DA2190400234CF8 /* RecommendationViewControllerTests.swift */ = {isa = PBXFileReference; fileEncoding = 4; lastKnownFileType = sourcecode.swift; path = RecommendationViewControllerTests.swift; sourceTree = "<group>"; };
		AE0CFC141DA2197000234CF8 /* RecommendationViewController.swift */ = {isa = PBXFileReference; fileEncoding = 4; lastKnownFileType = sourcecode.swift; path = RecommendationViewController.swift; sourceTree = "<group>"; };
		AE23AA971DA1FF2A000334D8 /* OsusumeLunch.app */ = {isa = PBXFileReference; explicitFileType = wrapper.application; includeInIndex = 0; path = OsusumeLunch.app; sourceTree = BUILT_PRODUCTS_DIR; };
		AE23AA9A1DA1FF2A000334D8 /* AppDelegate.swift */ = {isa = PBXFileReference; lastKnownFileType = sourcecode.swift; path = AppDelegate.swift; sourceTree = "<group>"; };
		AE23AAA21DA1FF2A000334D8 /* OsusumeLunch.xcdatamodel */ = {isa = PBXFileReference; lastKnownFileType = wrapper.xcdatamodel; path = OsusumeLunch.xcdatamodel; sourceTree = "<group>"; };
		AE23AAA41DA1FF2A000334D8 /* Assets.xcassets */ = {isa = PBXFileReference; lastKnownFileType = folder.assetcatalog; path = Assets.xcassets; sourceTree = "<group>"; };
		AE23AAA71DA1FF2A000334D8 /* Base */ = {isa = PBXFileReference; lastKnownFileType = file.storyboard; name = Base; path = Base.lproj/LaunchScreen.storyboard; sourceTree = "<group>"; };
		AE23AAA91DA1FF2A000334D8 /* Info.plist */ = {isa = PBXFileReference; lastKnownFileType = text.plist.xml; path = Info.plist; sourceTree = "<group>"; };
		AE23AAAE1DA1FF2A000334D8 /* OsusumeLunchTests.xctest */ = {isa = PBXFileReference; explicitFileType = wrapper.cfbundle; includeInIndex = 0; path = OsusumeLunchTests.xctest; sourceTree = BUILT_PRODUCTS_DIR; };
		AE23AAB41DA1FF2A000334D8 /* Info.plist */ = {isa = PBXFileReference; lastKnownFileType = text.plist.xml; path = Info.plist; sourceTree = "<group>"; };
		AE23AAB91DA1FF2A000334D8 /* OsusumeLunchUITests.xctest */ = {isa = PBXFileReference; explicitFileType = wrapper.cfbundle; includeInIndex = 0; path = OsusumeLunchUITests.xctest; sourceTree = BUILT_PRODUCTS_DIR; };
		AE23AABD1DA1FF2A000334D8 /* OsusumeLunchUITests.swift */ = {isa = PBXFileReference; lastKnownFileType = sourcecode.swift; path = OsusumeLunchUITests.swift; sourceTree = "<group>"; };
		AE23AABF1DA1FF2A000334D8 /* Info.plist */ = {isa = PBXFileReference; lastKnownFileType = text.plist.xml; path = Info.plist; sourceTree = "<group>"; };
		AE2D75E01DA48DA100AD36CB /* AutoLayoutLabel.swift */ = {isa = PBXFileReference; fileEncoding = 4; lastKnownFileType = sourcecode.swift; path = AutoLayoutLabel.swift; sourceTree = "<group>"; };
		AE6739601DA2265B000B384B /* AutoLayoutButton.swift */ = {isa = PBXFileReference; fileEncoding = 4; lastKnownFileType = sourcecode.swift; path = AutoLayoutButton.swift; sourceTree = "<group>"; };
		AE6739631DA23063000B384B /* ConstraintChecker.swift */ = {isa = PBXFileReference; fileEncoding = 4; lastKnownFileType = sourcecode.swift; path = ConstraintChecker.swift; sourceTree = "<group>"; };
		AE6739661DA335A6000B384B /* RestaurantRepository.swift */ = {isa = PBXFileReference; fileEncoding = 4; lastKnownFileType = sourcecode.swift; path = RestaurantRepository.swift; sourceTree = "<group>"; };
		AE6739681DA335E3000B384B /* Restaurant.swift */ = {isa = PBXFileReference; fileEncoding = 4; lastKnownFileType = sourcecode.swift; path = Restaurant.swift; sourceTree = "<group>"; };
		AE67396A1DA3360D000B384B /* FakeRestaurantRepository.swift */ = {isa = PBXFileReference; fileEncoding = 4; lastKnownFileType = sourcecode.swift; path = FakeRestaurantRepository.swift; sourceTree = "<group>"; };
		AE67396C1DA33735000B384B /* NetworkRestaurantRepository.swift */ = {isa = PBXFileReference; fileEncoding = 4; lastKnownFileType = sourcecode.swift; path = NetworkRestaurantRepository.swift; sourceTree = "<group>"; };
		AE6739701DA340EF000B384B /* URLRequest+HttpMethodsTests.swift */ = {isa = PBXFileReference; fileEncoding = 4; lastKnownFileType = sourcecode.swift; path = "URLRequest+HttpMethodsTests.swift"; sourceTree = "<group>"; };
		AE6739721DA342F4000B384B /* URLRequest+HttpMethods.swift */ = {isa = PBXFileReference; fileEncoding = 4; lastKnownFileType = sourcecode.swift; path = "URLRequest+HttpMethods.swift"; sourceTree = "<group>"; };
		AE6739751DA34C7D000B384B /* BrightFutures.framework */ = {isa = PBXFileReference; lastKnownFileType = wrapper.framework; name = BrightFutures.framework; path = Carthage/Build/iOS/BrightFutures.framework; sourceTree = "<group>"; };
		AE6739761DA34C7D000B384B /* Result.framework */ = {isa = PBXFileReference; lastKnownFileType = wrapper.framework; name = Result.framework; path = Carthage/Build/iOS/Result.framework; sourceTree = "<group>"; };
		AE67397F1DA352E6000B384B /* NetworkSession.swift */ = {isa = PBXFileReference; fileEncoding = 4; lastKnownFileType = sourcecode.swift; path = NetworkSession.swift; sourceTree = "<group>"; };
		AE6739831DA3564C000B384B /* FakeNetworkSession.swift */ = {isa = PBXFileReference; fileEncoding = 4; lastKnownFileType = sourcecode.swift; path = FakeNetworkSession.swift; sourceTree = "<group>"; };
		AE6739851DA3588F000B384B /* URLSession+NetworkSession.swift */ = {isa = PBXFileReference; fileEncoding = 4; lastKnownFileType = sourcecode.swift; path = "URLSession+NetworkSession.swift"; sourceTree = "<group>"; };
		AE6739881DA37398000B384B /* URLSessionTests.swift */ = {isa = PBXFileReference; fileEncoding = 4; lastKnownFileType = sourcecode.swift; path = URLSessionTests.swift; sourceTree = "<group>"; };
		AE67398E1DA39D9E000B384B /* NetworkRestaurantRepositoryTests.swift */ = {isa = PBXFileReference; fileEncoding = 4; lastKnownFileType = sourcecode.swift; path = NetworkRestaurantRepositoryTests.swift; sourceTree = "<group>"; };
/* End PBXFileReference section */

/* Begin PBXFrameworksBuildPhase section */
		AE23AA941DA1FF2A000334D8 /* Frameworks */ = {
			isa = PBXFrameworksBuildPhase;
			buildActionMask = 2147483647;
			files = (
				AE6739771DA34C7D000B384B /* BrightFutures.framework in Frameworks */,
				AE6739781DA34C7D000B384B /* Result.framework in Frameworks */,
			);
			runOnlyForDeploymentPostprocessing = 0;
		};
		AE23AAAB1DA1FF2A000334D8 /* Frameworks */ = {
			isa = PBXFrameworksBuildPhase;
			buildActionMask = 2147483647;
			files = (
				AE67398A1DA37803000B384B /* BrightFutures.framework in Frameworks */,
				AE67398B1DA37803000B384B /* Result.framework in Frameworks */,
			);
			runOnlyForDeploymentPostprocessing = 0;
		};
		AE23AAB61DA1FF2A000334D8 /* Frameworks */ = {
			isa = PBXFrameworksBuildPhase;
			buildActionMask = 2147483647;
			files = (
			);
			runOnlyForDeploymentPostprocessing = 0;
		};
/* End PBXFrameworksBuildPhase section */

/* Begin PBXGroup section */
		AE23AA8E1DA1FF2A000334D8 = {
			isa = PBXGroup;
			children = (
				AE6739741DA34C7D000B384B /* Frameworks */,
				AE23AA991DA1FF2A000334D8 /* OsusumeLunch */,
				AE23AAB11DA1FF2A000334D8 /* OsusumeLunchTests */,
				AE23AABC1DA1FF2A000334D8 /* OsusumeLunchUITests */,
				AE23AA981DA1FF2A000334D8 /* Products */,
			);
			sourceTree = "<group>";
		};
		AE23AA981DA1FF2A000334D8 /* Products */ = {
			isa = PBXGroup;
			children = (
				AE23AA971DA1FF2A000334D8 /* OsusumeLunch.app */,
				AE23AAAE1DA1FF2A000334D8 /* OsusumeLunchTests.xctest */,
				AE23AAB91DA1FF2A000334D8 /* OsusumeLunchUITests.xctest */,
			);
			name = Products;
			sourceTree = "<group>";
		};
		AE23AA991DA1FF2A000334D8 /* OsusumeLunch */ = {
			isa = PBXGroup;
			children = (
				AE67398D1DA39BB6000B384B /* Extensions */,
				AE2D75E21DA48DA700AD36CB /* LayoutComponents */,
				AE67398C1DA39B81000B384B /* NetworkSession */,
				AE67396E1DA33E3D000B384B /* Repository */,
				AE6739651DA24790000B384B /* Xcode Resources */,
				AE23AA9A1DA1FF2A000334D8 /* AppDelegate.swift */,
				AE0CFC141DA2197000234CF8 /* RecommendationViewController.swift */,
				AE6739681DA335E3000B384B /* Restaurant.swift */,
			);
			path = OsusumeLunch;
			sourceTree = "<group>";
		};
		AE23AAB11DA1FF2A000334D8 /* OsusumeLunchTests */ = {
			isa = PBXGroup;
			children = (
				AE67397A1DA34D3A000B384B /* Extensions */,
				AE6739871DA37334000B384B /* NetworkSession */,
				AE67396F1DA33E9A000B384B /* Repository */,
				AE6739621DA23029000B384B /* Test Utilities */,
				AE23AAB41DA1FF2A000334D8 /* Info.plist */,
				AE0CFC121DA2190400234CF8 /* RecommendationViewControllerTests.swift */,
			);
			path = OsusumeLunchTests;
			sourceTree = "<group>";
		};
		AE23AABC1DA1FF2A000334D8 /* OsusumeLunchUITests */ = {
			isa = PBXGroup;
			children = (
				AE23AABF1DA1FF2A000334D8 /* Info.plist */,
				AE23AABD1DA1FF2A000334D8 /* OsusumeLunchUITests.swift */,
			);
			path = OsusumeLunchUITests;
			sourceTree = "<group>";
		};
		AE2D75E21DA48DA700AD36CB /* LayoutComponents */ = {
			isa = PBXGroup;
			children = (
				AE6739601DA2265B000B384B /* AutoLayoutButton.swift */,
				AE2D75E01DA48DA100AD36CB /* AutoLayoutLabel.swift */,
			);
			name = LayoutComponents;
			sourceTree = "<group>";
		};
		AE6739621DA23029000B384B /* Test Utilities */ = {
			isa = PBXGroup;
			children = (
				AE6739631DA23063000B384B /* ConstraintChecker.swift */,
			);
			name = "Test Utilities";
			sourceTree = "<group>";
		};
		AE6739651DA24790000B384B /* Xcode Resources */ = {
			isa = PBXGroup;
			children = (
				AE23AAA41DA1FF2A000334D8 /* Assets.xcassets */,
				AE23AAA91DA1FF2A000334D8 /* Info.plist */,
				AE23AAA61DA1FF2A000334D8 /* LaunchScreen.storyboard */,
				AE23AAA11DA1FF2A000334D8 /* OsusumeLunch.xcdatamodeld */,
			);
			name = "Xcode Resources";
			sourceTree = "<group>";
		};
		AE67396E1DA33E3D000B384B /* Repository */ = {
			isa = PBXGroup;
			children = (
				AE67396C1DA33735000B384B /* NetworkRestaurantRepository.swift */,
				AE6739661DA335A6000B384B /* RestaurantRepository.swift */,
			);
			name = Repository;
			sourceTree = "<group>";
		};
		AE67396F1DA33E9A000B384B /* Repository */ = {
			isa = PBXGroup;
			children = (
				AE67396A1DA3360D000B384B /* FakeRestaurantRepository.swift */,
				AE67398E1DA39D9E000B384B /* NetworkRestaurantRepositoryTests.swift */,
			);
			name = Repository;
			sourceTree = "<group>";
		};
		AE6739741DA34C7D000B384B /* Frameworks */ = {
			isa = PBXGroup;
			children = (
				AE6739751DA34C7D000B384B /* BrightFutures.framework */,
				AE6739761DA34C7D000B384B /* Result.framework */,
			);
			name = Frameworks;
			sourceTree = "<group>";
		};
		AE67397A1DA34D3A000B384B /* Extensions */ = {
			isa = PBXGroup;
			children = (
				AE6739701DA340EF000B384B /* URLRequest+HttpMethodsTests.swift */,
			);
			name = Extensions;
			sourceTree = "<group>";
		};
		AE6739871DA37334000B384B /* NetworkSession */ = {
			isa = PBXGroup;
			children = (
				AE6739831DA3564C000B384B /* FakeNetworkSession.swift */,
				AE6739881DA37398000B384B /* URLSessionTests.swift */,
			);
			name = NetworkSession;
			sourceTree = "<group>";
		};
		AE67398C1DA39B81000B384B /* NetworkSession */ = {
			isa = PBXGroup;
			children = (
				AE67397F1DA352E6000B384B /* NetworkSession.swift */,
				AE6739851DA3588F000B384B /* URLSession+NetworkSession.swift */,
			);
			name = NetworkSession;
			sourceTree = "<group>";
		};
		AE67398D1DA39BB6000B384B /* Extensions */ = {
			isa = PBXGroup;
			children = (
				AE6739721DA342F4000B384B /* URLRequest+HttpMethods.swift */,
			);
			name = Extensions;
			sourceTree = "<group>";
		};
/* End PBXGroup section */

/* Begin PBXNativeTarget section */
		AE23AA961DA1FF2A000334D8 /* OsusumeLunch */ = {
			isa = PBXNativeTarget;
			buildConfigurationList = AE23AAC21DA1FF2A000334D8 /* Build configuration list for PBXNativeTarget "OsusumeLunch" */;
			buildPhases = (
				AE23AA931DA1FF2A000334D8 /* Sources */,
				AE23AA941DA1FF2A000334D8 /* Frameworks */,
				AE23AA951DA1FF2A000334D8 /* Resources */,
				AE6739791DA34C91000B384B /* Carthage */,
			);
			buildRules = (
			);
			dependencies = (
			);
			name = OsusumeLunch;
			productName = OsusumeLunch;
			productReference = AE23AA971DA1FF2A000334D8 /* OsusumeLunch.app */;
			productType = "com.apple.product-type.application";
		};
		AE23AAAD1DA1FF2A000334D8 /* OsusumeLunchTests */ = {
			isa = PBXNativeTarget;
			buildConfigurationList = AE23AAC51DA1FF2A000334D8 /* Build configuration list for PBXNativeTarget "OsusumeLunchTests" */;
			buildPhases = (
				AE23AAAA1DA1FF2A000334D8 /* Sources */,
				AE23AAAB1DA1FF2A000334D8 /* Frameworks */,
				AE23AAAC1DA1FF2A000334D8 /* Resources */,
			);
			buildRules = (
			);
			dependencies = (
				AE23AAB01DA1FF2A000334D8 /* PBXTargetDependency */,
			);
			name = OsusumeLunchTests;
			productName = OsusumeLunchTests;
			productReference = AE23AAAE1DA1FF2A000334D8 /* OsusumeLunchTests.xctest */;
			productType = "com.apple.product-type.bundle.unit-test";
		};
		AE23AAB81DA1FF2A000334D8 /* OsusumeLunchUITests */ = {
			isa = PBXNativeTarget;
			buildConfigurationList = AE23AAC81DA1FF2A000334D8 /* Build configuration list for PBXNativeTarget "OsusumeLunchUITests" */;
			buildPhases = (
				AE23AAB51DA1FF2A000334D8 /* Sources */,
				AE23AAB61DA1FF2A000334D8 /* Frameworks */,
				AE23AAB71DA1FF2A000334D8 /* Resources */,
			);
			buildRules = (
			);
			dependencies = (
				AE23AABB1DA1FF2A000334D8 /* PBXTargetDependency */,
			);
			name = OsusumeLunchUITests;
			productName = OsusumeLunchUITests;
			productReference = AE23AAB91DA1FF2A000334D8 /* OsusumeLunchUITests.xctest */;
			productType = "com.apple.product-type.bundle.ui-testing";
		};
/* End PBXNativeTarget section */

/* Begin PBXProject section */
		AE23AA8F1DA1FF2A000334D8 /* Project object */ = {
			isa = PBXProject;
			attributes = {
				LastSwiftUpdateCheck = 0800;
				LastUpgradeCheck = 0800;
				ORGANIZATIONNAME = pivotal;
				TargetAttributes = {
					AE23AA961DA1FF2A000334D8 = {
						CreatedOnToolsVersion = 8.0;
						DevelopmentTeam = 9G43X93F7Z;
						ProvisioningStyle = Automatic;
					};
					AE23AAAD1DA1FF2A000334D8 = {
						CreatedOnToolsVersion = 8.0;
						DevelopmentTeam = 9G43X93F7Z;
						ProvisioningStyle = Automatic;
						TestTargetID = AE23AA961DA1FF2A000334D8;
					};
					AE23AAB81DA1FF2A000334D8 = {
						CreatedOnToolsVersion = 8.0;
						DevelopmentTeam = 9G43X93F7Z;
						ProvisioningStyle = Automatic;
						TestTargetID = AE23AA961DA1FF2A000334D8;
					};
				};
			};
			buildConfigurationList = AE23AA921DA1FF2A000334D8 /* Build configuration list for PBXProject "OsusumeLunch" */;
			compatibilityVersion = "Xcode 3.2";
			developmentRegion = English;
			hasScannedForEncodings = 0;
			knownRegions = (
				en,
				Base,
			);
			mainGroup = AE23AA8E1DA1FF2A000334D8;
			productRefGroup = AE23AA981DA1FF2A000334D8 /* Products */;
			projectDirPath = "";
			projectRoot = "";
			targets = (
				AE23AA961DA1FF2A000334D8 /* OsusumeLunch */,
				AE23AAAD1DA1FF2A000334D8 /* OsusumeLunchTests */,
				AE23AAB81DA1FF2A000334D8 /* OsusumeLunchUITests */,
			);
		};
/* End PBXProject section */

/* Begin PBXResourcesBuildPhase section */
		AE23AA951DA1FF2A000334D8 /* Resources */ = {
			isa = PBXResourcesBuildPhase;
			buildActionMask = 2147483647;
			files = (
				AE23AAA51DA1FF2A000334D8 /* Assets.xcassets in Resources */,
				AE23AAA81DA1FF2A000334D8 /* LaunchScreen.storyboard in Resources */,
			);
			runOnlyForDeploymentPostprocessing = 0;
		};
		AE23AAAC1DA1FF2A000334D8 /* Resources */ = {
			isa = PBXResourcesBuildPhase;
			buildActionMask = 2147483647;
			files = (
			);
			runOnlyForDeploymentPostprocessing = 0;
		};
		AE23AAB71DA1FF2A000334D8 /* Resources */ = {
			isa = PBXResourcesBuildPhase;
			buildActionMask = 2147483647;
			files = (
			);
			runOnlyForDeploymentPostprocessing = 0;
		};
/* End PBXResourcesBuildPhase section */

/* Begin PBXShellScriptBuildPhase section */
		AE6739791DA34C91000B384B /* Carthage */ = {
			isa = PBXShellScriptBuildPhase;
			buildActionMask = 2147483647;
			files = (
			);
			inputPaths = (
				"$(SRCROOT)/Carthage/build/iOS/BrightFutures.framework",
				"$(SRCROOT)/Carthage/build/iOS/Result.framework",
			);
			name = Carthage;
			outputPaths = (
			);
			runOnlyForDeploymentPostprocessing = 0;
			shellPath = /bin/sh;
			shellScript = "/usr/local/bin/carthage copy-frameworks";
		};
/* End PBXShellScriptBuildPhase section */

/* Begin PBXSourcesBuildPhase section */
		AE23AA931DA1FF2A000334D8 /* Sources */ = {
			isa = PBXSourcesBuildPhase;
			buildActionMask = 2147483647;
			files = (
				AE23AA9B1DA1FF2A000334D8 /* AppDelegate.swift in Sources */,
				AE6739611DA2265B000B384B /* AutoLayoutButton.swift in Sources */,
				AE2D75E11DA48DA100AD36CB /* AutoLayoutLabel.swift in Sources */,
				AE67396D1DA33735000B384B /* NetworkRestaurantRepository.swift in Sources */,
				AE6739801DA352E6000B384B /* NetworkSession.swift in Sources */,
				AE23AAA31DA1FF2A000334D8 /* OsusumeLunch.xcdatamodeld in Sources */,
				AE0CFC151DA2197000234CF8 /* RecommendationViewController.swift in Sources */,
				AE6739691DA335E3000B384B /* Restaurant.swift in Sources */,
				AE6739671DA335A6000B384B /* RestaurantRepository.swift in Sources */,
				AE6739731DA342F4000B384B /* URLRequest+HttpMethods.swift in Sources */,
				AE6739861DA3588F000B384B /* URLSession+NetworkSession.swift in Sources */,
			);
			runOnlyForDeploymentPostprocessing = 0;
		};
		AE23AAAA1DA1FF2A000334D8 /* Sources */ = {
			isa = PBXSourcesBuildPhase;
			buildActionMask = 2147483647;
			files = (
				AE6739641DA23063000B384B /* ConstraintChecker.swift in Sources */,
				AE6739841DA3564C000B384B /* FakeNetworkSession.swift in Sources */,
				AE67396B1DA3360D000B384B /* FakeRestaurantRepository.swift in Sources */,
				AE67398F1DA39D9E000B384B /* NetworkRestaurantRepositoryTests.swift in Sources */,
				AE0CFC131DA2190400234CF8 /* RecommendationViewControllerTests.swift in Sources */,
				AE6739711DA340EF000B384B /* URLRequest+HttpMethodsTests.swift in Sources */,
				AE6739891DA37398000B384B /* URLSessionTests.swift in Sources */,
			);
			runOnlyForDeploymentPostprocessing = 0;
		};
		AE23AAB51DA1FF2A000334D8 /* Sources */ = {
			isa = PBXSourcesBuildPhase;
			buildActionMask = 2147483647;
			files = (
				AE23AABE1DA1FF2A000334D8 /* OsusumeLunchUITests.swift in Sources */,
			);
			runOnlyForDeploymentPostprocessing = 0;
		};
/* End PBXSourcesBuildPhase section */

/* Begin PBXTargetDependency section */
		AE23AAB01DA1FF2A000334D8 /* PBXTargetDependency */ = {
			isa = PBXTargetDependency;
			target = AE23AA961DA1FF2A000334D8 /* OsusumeLunch */;
			targetProxy = AE23AAAF1DA1FF2A000334D8 /* PBXContainerItemProxy */;
		};
		AE23AABB1DA1FF2A000334D8 /* PBXTargetDependency */ = {
			isa = PBXTargetDependency;
			target = AE23AA961DA1FF2A000334D8 /* OsusumeLunch */;
			targetProxy = AE23AABA1DA1FF2A000334D8 /* PBXContainerItemProxy */;
		};
/* End PBXTargetDependency section */

/* Begin PBXVariantGroup section */
		AE23AAA61DA1FF2A000334D8 /* LaunchScreen.storyboard */ = {
			isa = PBXVariantGroup;
			children = (
				AE23AAA71DA1FF2A000334D8 /* Base */,
			);
			name = LaunchScreen.storyboard;
			sourceTree = "<group>";
		};
/* End PBXVariantGroup section */

/* Begin XCBuildConfiguration section */
		AE23AAC01DA1FF2A000334D8 /* Debug */ = {
			isa = XCBuildConfiguration;
			buildSettings = {
				ALWAYS_SEARCH_USER_PATHS = NO;
				CLANG_ANALYZER_NONNULL = YES;
				CLANG_CXX_LANGUAGE_STANDARD = "gnu++0x";
				CLANG_CXX_LIBRARY = "libc++";
				CLANG_ENABLE_MODULES = YES;
				CLANG_ENABLE_OBJC_ARC = YES;
				CLANG_WARN_BOOL_CONVERSION = YES;
				CLANG_WARN_CONSTANT_CONVERSION = YES;
				CLANG_WARN_DIRECT_OBJC_ISA_USAGE = YES_ERROR;
				CLANG_WARN_DOCUMENTATION_COMMENTS = YES;
				CLANG_WARN_EMPTY_BODY = YES;
				CLANG_WARN_ENUM_CONVERSION = YES;
				CLANG_WARN_INFINITE_RECURSION = YES;
				CLANG_WARN_INT_CONVERSION = YES;
				CLANG_WARN_OBJC_ROOT_CLASS = YES_ERROR;
				CLANG_WARN_SUSPICIOUS_MOVES = YES;
				CLANG_WARN_UNREACHABLE_CODE = YES;
				CLANG_WARN__DUPLICATE_METHOD_MATCH = YES;
				"CODE_SIGN_IDENTITY[sdk=iphoneos*]" = "iPhone Developer";
				COPY_PHASE_STRIP = NO;
				DEBUG_INFORMATION_FORMAT = dwarf;
				ENABLE_STRICT_OBJC_MSGSEND = YES;
				ENABLE_TESTABILITY = YES;
				GCC_C_LANGUAGE_STANDARD = gnu99;
				GCC_DYNAMIC_NO_PIC = NO;
				GCC_NO_COMMON_BLOCKS = YES;
				GCC_OPTIMIZATION_LEVEL = 0;
				GCC_PREPROCESSOR_DEFINITIONS = (
					"DEBUG=1",
					"$(inherited)",
				);
				GCC_WARN_64_TO_32_BIT_CONVERSION = YES;
				GCC_WARN_ABOUT_RETURN_TYPE = YES_ERROR;
				GCC_WARN_UNDECLARED_SELECTOR = YES;
				GCC_WARN_UNINITIALIZED_AUTOS = YES_AGGRESSIVE;
				GCC_WARN_UNUSED_FUNCTION = YES;
				GCC_WARN_UNUSED_VARIABLE = YES;
				IPHONEOS_DEPLOYMENT_TARGET = 10.0;
				MTL_ENABLE_DEBUG_INFO = YES;
				ONLY_ACTIVE_ARCH = YES;
				SDKROOT = iphoneos;
				SWIFT_ACTIVE_COMPILATION_CONDITIONS = DEBUG;
				SWIFT_OPTIMIZATION_LEVEL = "-Onone";
				TARGETED_DEVICE_FAMILY = "1,2";
			};
			name = Debug;
		};
		AE23AAC11DA1FF2A000334D8 /* Release */ = {
			isa = XCBuildConfiguration;
			buildSettings = {
				ALWAYS_SEARCH_USER_PATHS = NO;
				CLANG_ANALYZER_NONNULL = YES;
				CLANG_CXX_LANGUAGE_STANDARD = "gnu++0x";
				CLANG_CXX_LIBRARY = "libc++";
				CLANG_ENABLE_MODULES = YES;
				CLANG_ENABLE_OBJC_ARC = YES;
				CLANG_WARN_BOOL_CONVERSION = YES;
				CLANG_WARN_CONSTANT_CONVERSION = YES;
				CLANG_WARN_DIRECT_OBJC_ISA_USAGE = YES_ERROR;
				CLANG_WARN_DOCUMENTATION_COMMENTS = YES;
				CLANG_WARN_EMPTY_BODY = YES;
				CLANG_WARN_ENUM_CONVERSION = YES;
				CLANG_WARN_INFINITE_RECURSION = YES;
				CLANG_WARN_INT_CONVERSION = YES;
				CLANG_WARN_OBJC_ROOT_CLASS = YES_ERROR;
				CLANG_WARN_SUSPICIOUS_MOVES = YES;
				CLANG_WARN_UNREACHABLE_CODE = YES;
				CLANG_WARN__DUPLICATE_METHOD_MATCH = YES;
				"CODE_SIGN_IDENTITY[sdk=iphoneos*]" = "iPhone Developer";
				COPY_PHASE_STRIP = NO;
				DEBUG_INFORMATION_FORMAT = "dwarf-with-dsym";
				ENABLE_NS_ASSERTIONS = NO;
				ENABLE_STRICT_OBJC_MSGSEND = YES;
				GCC_C_LANGUAGE_STANDARD = gnu99;
				GCC_NO_COMMON_BLOCKS = YES;
				GCC_WARN_64_TO_32_BIT_CONVERSION = YES;
				GCC_WARN_ABOUT_RETURN_TYPE = YES_ERROR;
				GCC_WARN_UNDECLARED_SELECTOR = YES;
				GCC_WARN_UNINITIALIZED_AUTOS = YES_AGGRESSIVE;
				GCC_WARN_UNUSED_FUNCTION = YES;
				GCC_WARN_UNUSED_VARIABLE = YES;
				IPHONEOS_DEPLOYMENT_TARGET = 10.0;
				MTL_ENABLE_DEBUG_INFO = NO;
				SDKROOT = iphoneos;
				SWIFT_OPTIMIZATION_LEVEL = "-Owholemodule";
				TARGETED_DEVICE_FAMILY = "1,2";
				VALIDATE_PRODUCT = YES;
			};
			name = Release;
		};
		AE23AAC31DA1FF2A000334D8 /* Debug */ = {
			isa = XCBuildConfiguration;
			buildSettings = {
				ASSETCATALOG_COMPILER_APPICON_NAME = AppIcon;
				DEVELOPMENT_TEAM = 9G43X93F7Z;
				FRAMEWORK_SEARCH_PATHS = (
					"$(inherited)",
					"$(PROJECT_DIR)/Carthage/Build/iOS",
				);
				INFOPLIST_FILE = OsusumeLunch/Info.plist;
				LD_RUNPATH_SEARCH_PATHS = "$(inherited) @executable_path/Frameworks";
				PRODUCT_BUNDLE_IDENTIFIER = com.pivotal.OsusumeLunch;
				PRODUCT_NAME = "$(TARGET_NAME)";
				SWIFT_VERSION = 3.0;
			};
			name = Debug;
		};
		AE23AAC41DA1FF2A000334D8 /* Release */ = {
			isa = XCBuildConfiguration;
			buildSettings = {
				ASSETCATALOG_COMPILER_APPICON_NAME = AppIcon;
				DEVELOPMENT_TEAM = 9G43X93F7Z;
				FRAMEWORK_SEARCH_PATHS = (
					"$(inherited)",
					"$(PROJECT_DIR)/Carthage/Build/iOS",
				);
				INFOPLIST_FILE = OsusumeLunch/Info.plist;
				LD_RUNPATH_SEARCH_PATHS = "$(inherited) @executable_path/Frameworks";
				PRODUCT_BUNDLE_IDENTIFIER = com.pivotal.OsusumeLunch;
				PRODUCT_NAME = "$(TARGET_NAME)";
				SWIFT_VERSION = 3.0;
			};
			name = Release;
		};
		AE23AAC61DA1FF2A000334D8 /* Debug */ = {
			isa = XCBuildConfiguration;
			buildSettings = {
				ALWAYS_EMBED_SWIFT_STANDARD_LIBRARIES = YES;
				BUNDLE_LOADER = "$(TEST_HOST)";
				DEVELOPMENT_TEAM = 9G43X93F7Z;
				FRAMEWORK_SEARCH_PATHS = (
					"$(inherited)",
					"$(PROJECT_DIR)/Carthage/Build/iOS",
				);
				INFOPLIST_FILE = OsusumeLunchTests/Info.plist;
				LD_RUNPATH_SEARCH_PATHS = "$(inherited) @executable_path/Frameworks @loader_path/Frameworks";
				PRODUCT_BUNDLE_IDENTIFIER = com.pivotal.OsusumeLunchTests;
				PRODUCT_NAME = "$(TARGET_NAME)";
				SWIFT_VERSION = 3.0;
				TEST_HOST = "$(BUILT_PRODUCTS_DIR)/OsusumeLunch.app/OsusumeLunch";
			};
			name = Debug;
		};
		AE23AAC71DA1FF2A000334D8 /* Release */ = {
			isa = XCBuildConfiguration;
			buildSettings = {
				ALWAYS_EMBED_SWIFT_STANDARD_LIBRARIES = YES;
				BUNDLE_LOADER = "$(TEST_HOST)";
				DEVELOPMENT_TEAM = 9G43X93F7Z;
				FRAMEWORK_SEARCH_PATHS = (
					"$(inherited)",
					"$(PROJECT_DIR)/Carthage/Build/iOS",
				);
				INFOPLIST_FILE = OsusumeLunchTests/Info.plist;
				LD_RUNPATH_SEARCH_PATHS = "$(inherited) @executable_path/Frameworks @loader_path/Frameworks";
				PRODUCT_BUNDLE_IDENTIFIER = com.pivotal.OsusumeLunchTests;
				PRODUCT_NAME = "$(TARGET_NAME)";
				SWIFT_VERSION = 3.0;
				TEST_HOST = "$(BUILT_PRODUCTS_DIR)/OsusumeLunch.app/OsusumeLunch";
			};
			name = Release;
		};
		AE23AAC91DA1FF2A000334D8 /* Debug */ = {
			isa = XCBuildConfiguration;
			buildSettings = {
				ALWAYS_EMBED_SWIFT_STANDARD_LIBRARIES = YES;
				DEVELOPMENT_TEAM = 9G43X93F7Z;
				INFOPLIST_FILE = OsusumeLunchUITests/Info.plist;
				LD_RUNPATH_SEARCH_PATHS = "$(inherited) @executable_path/Frameworks @loader_path/Frameworks";
				PRODUCT_BUNDLE_IDENTIFIER = com.pivotal.OsusumeLunchUITests;
				PRODUCT_NAME = "$(TARGET_NAME)";
				SWIFT_VERSION = 3.0;
				TEST_TARGET_NAME = OsusumeLunch;
			};
			name = Debug;
		};
		AE23AACA1DA1FF2A000334D8 /* Release */ = {
			isa = XCBuildConfiguration;
			buildSettings = {
				ALWAYS_EMBED_SWIFT_STANDARD_LIBRARIES = YES;
				DEVELOPMENT_TEAM = 9G43X93F7Z;
				INFOPLIST_FILE = OsusumeLunchUITests/Info.plist;
				LD_RUNPATH_SEARCH_PATHS = "$(inherited) @executable_path/Frameworks @loader_path/Frameworks";
				PRODUCT_BUNDLE_IDENTIFIER = com.pivotal.OsusumeLunchUITests;
				PRODUCT_NAME = "$(TARGET_NAME)";
				SWIFT_VERSION = 3.0;
				TEST_TARGET_NAME = OsusumeLunch;
			};
			name = Release;
		};
/* End XCBuildConfiguration section */

/* Begin XCConfigurationList section */
		AE23AA921DA1FF2A000334D8 /* Build configuration list for PBXProject "OsusumeLunch" */ = {
			isa = XCConfigurationList;
			buildConfigurations = (
				AE23AAC01DA1FF2A000334D8 /* Debug */,
				AE23AAC11DA1FF2A000334D8 /* Release */,
			);
			defaultConfigurationIsVisible = 0;
			defaultConfigurationName = Release;
		};
		AE23AAC21DA1FF2A000334D8 /* Build configuration list for PBXNativeTarget "OsusumeLunch" */ = {
			isa = XCConfigurationList;
			buildConfigurations = (
				AE23AAC31DA1FF2A000334D8 /* Debug */,
				AE23AAC41DA1FF2A000334D8 /* Release */,
			);
			defaultConfigurationIsVisible = 0;
			defaultConfigurationName = Release;
		};
		AE23AAC51DA1FF2A000334D8 /* Build configuration list for PBXNativeTarget "OsusumeLunchTests" */ = {
			isa = XCConfigurationList;
			buildConfigurations = (
				AE23AAC61DA1FF2A000334D8 /* Debug */,
				AE23AAC71DA1FF2A000334D8 /* Release */,
			);
			defaultConfigurationIsVisible = 0;
			defaultConfigurationName = Release;
		};
		AE23AAC81DA1FF2A000334D8 /* Build configuration list for PBXNativeTarget "OsusumeLunchUITests" */ = {
			isa = XCConfigurationList;
			buildConfigurations = (
				AE23AAC91DA1FF2A000334D8 /* Debug */,
				AE23AACA1DA1FF2A000334D8 /* Release */,
			);
			defaultConfigurationIsVisible = 0;
			defaultConfigurationName = Release;
		};
/* End XCConfigurationList section */

/* Begin XCVersionGroup section */
		AE23AAA11DA1FF2A000334D8 /* OsusumeLunch.xcdatamodeld */ = {
			isa = XCVersionGroup;
			children = (
				AE23AAA21DA1FF2A000334D8 /* OsusumeLunch.xcdatamodel */,
			);
			currentVersion = AE23AAA21DA1FF2A000334D8 /* OsusumeLunch.xcdatamodel */;
			path = OsusumeLunch.xcdatamodeld;
			sourceTree = "<group>";
			versionGroupType = wrapper.xcdatamodel;
		};
/* End XCVersionGroup section */
	};
	rootObject = AE23AA8F1DA1FF2A000334D8 /* Project object */;
}
